{
  "version": 4,
  "terraform_version": "1.12.2",
  "serial": 11,
  "lineage": "2d21b9d4-a660-e85d-4b05-77ced13e88ca",
  "outputs": {},
  "resources": [
    {
      "mode": "managed",
      "type": "harness_platform_gitops_applications",
      "name": "testtf",
      "provider": "provider[\"registry.terraform.io/harness/harness\"]",
      "instances": [
        {
          "schema_version": 0,
          "attributes": {
            "account_id": "0UG6mpX9S3ajRIJ6Ldg-IQ",
            "agent_id": "test2",
            "application": [
              {
                "metadata": [
                  {
                    "annotations": {},
                    "cluster_name": "",
                    "finalizers": [],
                    "generate_name": "",
                    "generation": "15",
                    "labels": {},
                    "name": "testtf",
                    "namespace": "himanshu-test",
                    "owner_references": [],
                    "uid": "a0cba293-dd86-485f-86cf-9504f2acea68"
                  }
                ],
                "spec": [
                  {
                    "destination": [
                      {
                        "name": "cluster11",
                        "namespace": "himanshu-test",
                        "server": ""
                      }
                    ],
                    "project": "edb2e923",
                    "source": [
                      {
                        "chart": "",
                        "directory": [],
                        "helm": [],
                        "ksonnet": [],
                        "kustomize": [],
                        "path": "k8_s_test/",
                        "plugin": [],
                        "repo_url": "https://github.com/Him7n/k8_s",
                        "target_revision": "main"
                      }
                    ],
                    "sources": [],
                    "sync_policy": [
                      {
                        "automated": [],
                        "retry": [],
                        "sync_options": [
                          "PrunePropagationPolicy=undefined",
                          "CreateNamespace=false",
                          "Validate=false",
                          "skipSchemaValidations=false",
                          "autoCreateNamespace=false",
                          "pruneLast=false",
                          "applyOutofSyncOnly=false",
                          "Replace=false",
                          "retry=false"
                        ]
                      }
                    ]
                  }
                ]
              }
            ],
            "cluster_id": "cluster-11",
            "id": "testtf",
            "identifier": null,
            "kind": null,
            "name": "testtf",
            "options_remove_existing_finalizers": null,
            "org_id": "default",
            "project": null,
            "project_id": "GitOpsFilterTest_YdEboR2xyU",
            "repo_id": "himanrepo",
            "repo_ids": null,
            "request_cascade": null,
            "request_propagation_policy": null,
            "skip_repo_validation": false,
            "upsert": null,
            "validate": null
          },
          "sensitive_attributes": [],
          "identity_schema_version": 0,
          "private": "bnVsbA==",
          "dependencies": [
            "harness_platform_gitops_cluster.cluster11"
          ]
        }
      ]
    },
    {
      "mode": "managed",
      "type": "harness_platform_gitops_cluster",
      "name": "cluster11",
      "provider": "provider[\"registry.terraform.io/harness/harness\"]",
      "instances": [
        {
          "schema_version": 0,
          "attributes": {
            "account_id": "0UG6mpX9S3ajRIJ6Ldg-IQ",
            "agent_id": "test2",
            "force_delete": true,
            "force_update": false,
            "id": "cluster-11",
            "identifier": "cluster-11",
            "org_id": "default",
            "project_id": "GitOpsFilterTest_YdEboR2xyU",
            "request": [
              {
                "cluster": [
                  {
                    "annotations": {},
                    "cluster_resources": false,
                    "config": [
                      {
                        "aws_cluster_name": "",
                        "bearer_token": "eyJhbGciOiJSUzI1NiIsImtpZCI6IjB0OFBkZ2Z2OWtiR0owbXFBMXBINjJZYnpkQV9PZE5Xb1NrN01CT1NXVnMifQ.eyJpc3MiOiJrdWJlcm5ldGVzL3NlcnZpY2VhY2NvdW50Iiwia3ViZXJuZXRlcy5pby9zZXJ2aWNlYWNjb3VudC9uYW1lc3BhY2UiOiJkZWZhdWx0Iiwia3ViZXJuZXRlcy5pby9zZXJ2aWNlYWNjb3VudC9zZWNyZXQubmFtZSI6ImdpdG9wcy10b2tlbiIsImt1YmVybmV0ZXMuaW8vc2VydmljZWFjY291bnQvc2VydmljZS1hY2NvdW50Lm5hbWUiOiJnaXRvcHMtc2EiLCJrdWJlcm5ldGVzLmlvL3NlcnZpY2VhY2NvdW50L3NlcnZpY2UtYWNjb3VudC51aWQiOiJjNmU2ZDRkYi0wM2Y0LTRlZTQtYmU4Mi03MDk3ZmJiYzY2ZGIiLCJzdWIiOiJzeXN0ZW06c2VydmljZWFjY291bnQ6ZGVmYXVsdDpnaXRvcHMtc2EifQ.sYBmwLhV0lTG9pF6m2ukD8k1igcrgNykt_Zqir6KNDfMZnhw_joUMIRaR6U7IW5BUyGTBAJgbNucSOd-rRMXSL1C5XKKptPOaf75qCvheyvhBeZo6NaF_lhZYtlua6mMn3cI-GfqMShCYIoQvjdxAxZBL-mExVSFKx2Qh4uONrs9hqj2nHAj1bKJ0s3XA66PSnH21i9R9HipTdE5pXA84ZA2B2OUOK-VfTvb0MjmXW-r9rrerQ0JWlZPV9WQ_QxYwZFkPfPGkDjtPWwYm9wAK_NtzB3GEa_0wsY6jWdqkPOjOMY1yTOzetWmO5-WFksDFoAzVk3NMKp9d1hjkdj8GQ",
                        "cluster_connection_type": "SERVICE_ACCOUNT",
                        "disable_compression": false,
                        "exec_provider_config": [],
                        "password": "",
                        "proxy_url": "",
                        "role_a_r_n": "",
                        "tls_client_config": [
                          {
                            "ca_data": "",
                            "cert_data": "",
                            "insecure": true,
                            "key_data": "",
                            "server_name": ""
                          }
                        ],
                        "username": ""
                      }
                    ],
                    "info": [
                      {
                        "api_versions": [],
                        "applications_count": "",
                        "cache_info": [
                          {
                            "apis_count": "",
                            "last_cache_sync_time": "",
                            "resources_count": ""
                          }
                        ],
                        "connection_state": [
                          {
                            "attempted_at": [],
                            "message": "",
                            "status": "Successful"
                          }
                        ],
                        "server_version": "1.32"
                      }
                    ],
                    "labels": {},
                    "name": "cluster11",
                    "namespaces": [],
                    "project": "edb2e923",
                    "refresh_requested_at": [],
                    "server": "https://35.233.139.33",
                    "shard": ""
                  }
                ],
                "tags": [],
                "updated_fields": [],
                "upsert": false
              }
            ]
          },
          "sensitive_attributes": [
            [
              {
                "type": "get_attr",
                "value": "request"
              },
              {
                "type": "index",
                "value": {
                  "value": 0,
                  "type": "number"
                }
              },
              {
                "type": "get_attr",
                "value": "cluster"
              },
              {
                "type": "index",
                "value": {
                  "value": 0,
                  "type": "number"
                }
              },
              {
                "type": "get_attr",
                "value": "config"
              },
              {
                "type": "index",
                "value": {
                  "value": 0,
                  "type": "number"
                }
              },
              {
                "type": "get_attr",
                "value": "bearer_token"
              }
            ]
          ],
          "identity_schema_version": 0,
          "private": "bnVsbA=="
        }
      ]
    }
  ],
  "check_results": null
}
