{
  "version": 4,
  "terraform_version": "1.12.2",
  "serial": 13,
  "lineage": "2d21b9d4-a660-e85d-4b05-77ced13e88ca",
  "outputs": {},
  "resources": [
    {
      "mode": "managed",
      "type": "harness_platform_gitops_applications",
      "name": "testtf",
      "provider": "provider[\"registry.terraform.io/harness/harness\"]",
      "instances": [
        {
          "schema_version": 0,
          "attributes": {
            "account_id": "0UG6mpX9S3ajRIJ6Ldg-IQ",
            "agent_id": "test2",
            "application": [
              {
                "metadata": [
                  {
                    "annotations": {},
                    "cluster_name": "",
                    "finalizers": [],
                    "generate_name": "",
                    "generation": "22",
                    "labels": {},
                    "name": "testtf",
                    "namespace": "himanshu-test",
                    "owner_references": [],
                    "uid": "a0cba293-dd86-485f-86cf-9504f2acea68"
                  }
                ],
                "spec": [
                  {
                    "destination": [
                      {
                        "name": "cluster11",
                        "namespace": "himanshu-test",
                        "server": ""
                      }
                    ],
                    "project": "edb2e923",
                    "source": [
                      {
                        "chart": "",
                        "directory": [],
                        "helm": [],
                        "ksonnet": [],
                        "kustomize": [],
                        "path": "k8_s_test/",
                        "plugin": [],
                        "repo_url": "https://github.com/Him7n/k8_s",
                        "target_revision": "main"
                      }
                    ],
                    "sources": [],
                    "sync_policy": [
                      {
                        "automated": [],
                        "retry": [],
                        "sync_options": [
                          "PrunePropagationPolicy=undefined",
                          "CreateNamespace=false",
                          "Validate=false",
                          "skipSchemaValidations=false",
                          "autoCreateNamespace=false",
                          "pruneLast=false",
                          "applyOutofSyncOnly=false",
                          "Replace=false",
                          "retry=false"
                        ]
                      }
                    ]
                  }
                ]
              }
            ],
            "cluster_id": "cluster-11",
            "id": "testtf",
            "identifier": null,
            "kind": null,
            "name": "testtf",
            "options_remove_existing_finalizers": null,
            "org_id": "default",
            "project": null,
            "project_id": "GitOpsFilterTest_YdEboR2xyU",
            "repo_id": "himanrepo",
            "repo_ids": null,
            "request_cascade": null,
            "request_propagation_policy": null,
            "skip_repo_validation": false,
            "upsert": null,
            "validate": null
          },
          "sensitive_attributes": [],
          "identity_schema_version": 0,
          "private": "bnVsbA==",
          "dependencies": [
            "harness_platform_gitops_cluster.cluster11"
          ]
        }
      ]
    },
    {
      "mode": "managed",
      "type": "harness_platform_gitops_cluster",
      "name": "cluster11",
      "provider": "provider[\"registry.terraform.io/harness/harness\"]",
      "instances": [
        {
          "schema_version": 0,
          "attributes": {
            "account_id": "0UG6mpX9S3ajRIJ6Ldg-IQ",
            "agent_id": "test2",
            "force_delete": true,
            "force_update": false,
            "id": "cluster-11",
            "identifier": "cluster-11",
            "org_id": "default",
            "project_id": "GitOpsFilterTest_YdEboR2xyU",
            "request": [
              {
                "cluster": [
                  {
                    "annotations": {},
                    "cluster_resources": false,
                    "config": [
                      {
                        "aws_cluster_name": "",
                        "bearer_token": "eyJhbGciOiJSUzI1NiIsImtpZCI6IjB0OFBkZ2Z2OWtiR0owbXFBMXBINjJZYnpkQV9PZE5Xb1NrN01CT1NXVnMifQ.eyJpc3MiOiJrdWJlcm5ldGVzL3NlcnZpY2VhY2NvdW50Iiwia3ViZXJuZXRlcy5pby9zZXJ2aWNlYWNjb3VudC9uYW1lc3BhY2UiOiJkZWZhdWx0Iiwia3ViZXJuZXRlcy5pby9zZXJ2aWNlYWNjb3VudC9zZWNyZXQubmFtZSI6ImdpdG9wcy10b2tlbiIsImt1YmVybmV0ZXMuaW8vc2VydmljZWFjY291bnQvc2VydmljZS1hY2NvdW50Lm5hbWUiOiJnaXRvcHMtc2EiLCJrdWJlcm5ldGVzLmlvL3NlcnZpY2VhY2NvdW50L3NlcnZpY2UtYWNjb3VudC51aWQiOiJjNmU2ZDRkYi0wM2Y0LTRlZTQtYmU4Mi03MDk3ZmJiYzY2ZGIiLCJzdWIiOiJzeXN0ZW06c2VydmljZWFjY291bnQ6ZGVmYXVsdDpnaXRvcHMtc2EifQ.sYBmwLhV0lTG9pF6m2ukD8k1igcrgNykt_Zqir6KNDfMZnhw_joUMIRaR6U7IW5BUyGTBAJgbNucSOd-rRMXSL1C5XKKptPOaf75qCvheyvhBeZo6NaF_lhZYtlua6mMn3cI-GfqMShCYIoQvjdxAxZBL-mExVSFKx2Qh4uONrs9hqj2nHAj1bKJ0s3XA66PSnH21i9R9HipTdE5pXA84ZA2B2OUOK-VfTvb0MjmXW-r9rrerQ0JWlZPV9WQ_QxYwZFkPfPGkDjtPWwYm9wAK_NtzB3GEa_0wsY6jWdqkPOjOMY1yTOzetWmO5-WFksDFoAzVk3NMKp9d1hjkdj8GQ",
                        "cluster_connection_type": "SERVICE_ACCOUNT",
                        "disable_compression": false,
                        "exec_provider_config": [],
                        "password": "",
                        "proxy_url": "",
                        "role_a_r_n": "",
                        "tls_client_config": [
                          {
                            "ca_data": "",
                            "cert_data": "",
                            "insecure": true,
                            "key_data": "",
                            "server_name": ""
                          }
                        ],
                        "username": ""
                      }
                    ],
                    "info": [
                      {
                        "api_versions": [
                          "admissionregistration.k8s.io/v1",
                          "admissionregistration.k8s.io/v1/MutatingWebhookConfiguration",
                          "admissionregistration.k8s.io/v1/ValidatingAdmissionPolicy",
                          "admissionregistration.k8s.io/v1/ValidatingAdmissionPolicyBinding",
                          "admissionregistration.k8s.io/v1/ValidatingWebhookConfiguration",
                          "apiextensions.k8s.io/v1",
                          "apiextensions.k8s.io/v1/CustomResourceDefinition",
                          "apiregistration.k8s.io/v1",
                          "apiregistration.k8s.io/v1/APIService",
                          "apps/v1",
                          "apps/v1/ControllerRevision",
                          "apps/v1/DaemonSet",
                          "apps/v1/Deployment",
                          "apps/v1/ReplicaSet",
                          "apps/v1/StatefulSet",
                          "argoproj.io/v1alpha1",
                          "argoproj.io/v1alpha1/AnalysisRun",
                          "argoproj.io/v1alpha1/AnalysisTemplate",
                          "argoproj.io/v1alpha1/AppProject",
                          "argoproj.io/v1alpha1/Application",
                          "argoproj.io/v1alpha1/ApplicationSet",
                          "argoproj.io/v1alpha1/ArgoCDExtension",
                          "argoproj.io/v1alpha1/ClusterAnalysisTemplate",
                          "argoproj.io/v1alpha1/ClusterWorkflowTemplate",
                          "argoproj.io/v1alpha1/CronWorkflow",
                          "argoproj.io/v1alpha1/Experiment",
                          "argoproj.io/v1alpha1/Rollout",
                          "argoproj.io/v1alpha1/Workflow",
                          "argoproj.io/v1alpha1/WorkflowArtifactGCTask",
                          "argoproj.io/v1alpha1/WorkflowEventBinding",
                          "argoproj.io/v1alpha1/WorkflowTaskResult",
                          "argoproj.io/v1alpha1/WorkflowTaskSet",
                          "argoproj.io/v1alpha1/WorkflowTemplate",
                          "auto.gke.io/v1",
                          "auto.gke.io/v1/AllowlistSynchronizer",
                          "auto.gke.io/v1/AllowlistedV2Workload",
                          "auto.gke.io/v1/AllowlistedWorkload",
                          "auto.gke.io/v1/WorkloadAllowlist",
                          "auto.gke.io/v1alpha1",
                          "auto.gke.io/v1alpha1/AllowlistedWorkload",
                          "autoscaling.gke.io/v1beta1",
                          "autoscaling.gke.io/v1beta1/MultidimPodAutoscaler",
                          "autoscaling.k8s.io/v1",
                          "autoscaling.k8s.io/v1/VerticalPodAutoscaler",
                          "autoscaling.k8s.io/v1beta2",
                          "autoscaling.k8s.io/v1beta2/VerticalPodAutoscaler",
                          "autoscaling.x-k8s.io/v1",
                          "autoscaling.x-k8s.io/v1/ProvisioningRequest",
                          "autoscaling.x-k8s.io/v1beta1",
                          "autoscaling.x-k8s.io/v1beta1/ProvisioningRequest",
                          "autoscaling/v1",
                          "autoscaling/v1/HorizontalPodAutoscaler",
                          "autoscaling/v2",
                          "autoscaling/v2/HorizontalPodAutoscaler",
                          "batch/v1",
                          "batch/v1/CronJob",
                          "batch/v1/Job",
                          "certificates.k8s.io/v1",
                          "certificates.k8s.io/v1/CertificateSigningRequest",
                          "cilium.io/v2",
                          "cilium.io/v2/CiliumEndpoint",
                          "cilium.io/v2/CiliumExternalWorkload",
                          "cilium.io/v2/CiliumIdentity",
                          "cilium.io/v2/CiliumLocalRedirectPolicy",
                          "cilium.io/v2/CiliumNode",
                          "cilium.io/v2alpha1",
                          "cilium.io/v2alpha1/CiliumEndpointSlice",
                          "cloud.google.com/v1",
                          "cloud.google.com/v1/BackendConfig",
                          "cloud.google.com/v1/ComputeClass",
                          "cloud.google.com/v1beta1",
                          "cloud.google.com/v1beta1/BackendConfig",
                          "coordination.k8s.io/v1",
                          "coordination.k8s.io/v1/Lease",
                          "datalayer.gke.io/v1",
                          "datalayer.gke.io/v1/GCPDataSource",
                          "discovery.k8s.io/v1",
                          "discovery.k8s.io/v1/EndpointSlice",
                          "events.k8s.io/v1",
                          "events.k8s.io/v1/Event",
                          "flowcontrol.apiserver.k8s.io/v1",
                          "flowcontrol.apiserver.k8s.io/v1/FlowSchema",
                          "flowcontrol.apiserver.k8s.io/v1/PriorityLevelConfiguration",
                          "gateway.networking.k8s.io/v1",
                          "gateway.networking.k8s.io/v1/Gateway",
                          "gateway.networking.k8s.io/v1/GatewayClass",
                          "gateway.networking.k8s.io/v1/HTTPRoute",
                          "gateway.networking.k8s.io/v1beta1",
                          "gateway.networking.k8s.io/v1beta1/Gateway",
                          "gateway.networking.k8s.io/v1beta1/GatewayClass",
                          "gateway.networking.k8s.io/v1beta1/HTTPRoute",
                          "gateway.networking.k8s.io/v1beta1/ReferenceGrant",
                          "helm.toolkit.fluxcd.io/v2",
                          "helm.toolkit.fluxcd.io/v2/HelmRelease",
                          "helm.toolkit.fluxcd.io/v2beta1",
                          "helm.toolkit.fluxcd.io/v2beta1/HelmRelease",
                          "helm.toolkit.fluxcd.io/v2beta2",
                          "helm.toolkit.fluxcd.io/v2beta2/HelmRelease",
                          "hub.gke.io/v1",
                          "hub.gke.io/v1/Membership",
                          "internal.autoscaling.gke.io/v1",
                          "internal.autoscaling.gke.io/v1/CapacityRequest",
                          "kustomize.toolkit.fluxcd.io/v1",
                          "kustomize.toolkit.fluxcd.io/v1/Kustomization",
                          "kustomize.toolkit.fluxcd.io/v1beta1",
                          "kustomize.toolkit.fluxcd.io/v1beta1/Kustomization",
                          "kustomize.toolkit.fluxcd.io/v1beta2",
                          "kustomize.toolkit.fluxcd.io/v1beta2/Kustomization",
                          "monitoring.coreos.com/v1",
                          "monitoring.coreos.com/v1/Alertmanager",
                          "monitoring.coreos.com/v1/PodMonitor",
                          "monitoring.coreos.com/v1/Probe",
                          "monitoring.coreos.com/v1/Prometheus",
                          "monitoring.coreos.com/v1/PrometheusRule",
                          "monitoring.coreos.com/v1/ServiceMonitor",
                          "monitoring.coreos.com/v1/ThanosRuler",
                          "monitoring.coreos.com/v1alpha1",
                          "monitoring.coreos.com/v1alpha1/AlertmanagerConfig",
                          "monitoring.coreos.com/v1alpha1/PrometheusAgent",
                          "monitoring.coreos.com/v1alpha1/ScrapeConfig",
                          "monitoring.googleapis.com/v1",
                          "monitoring.googleapis.com/v1/ClusterNodeMonitoring",
                          "monitoring.googleapis.com/v1/ClusterPodMonitoring",
                          "monitoring.googleapis.com/v1/ClusterRules",
                          "monitoring.googleapis.com/v1/GlobalRules",
                          "monitoring.googleapis.com/v1/OperatorConfig",
                          "monitoring.googleapis.com/v1/PodMonitoring",
                          "monitoring.googleapis.com/v1/Rules",
                          "monitoring.googleapis.com/v1alpha1",
                          "monitoring.googleapis.com/v1alpha1/ClusterPodMonitoring",
                          "monitoring.googleapis.com/v1alpha1/ClusterRules",
                          "monitoring.googleapis.com/v1alpha1/GlobalRules",
                          "monitoring.googleapis.com/v1alpha1/OperatorConfig",
                          "monitoring.googleapis.com/v1alpha1/PodMonitoring",
                          "monitoring.googleapis.com/v1alpha1/Rules",
                          "monitoring.grafana.com/v1alpha1",
                          "monitoring.grafana.com/v1alpha1/GrafanaAgent",
                          "monitoring.grafana.com/v1alpha1/Integration",
                          "monitoring.grafana.com/v1alpha1/LogsInstance",
                          "monitoring.grafana.com/v1alpha1/MetricsInstance",
                          "monitoring.grafana.com/v1alpha2",
                          "monitoring.grafana.com/v1alpha2/PodLogs",
                          "networking.gke.io/v1",
                          "networking.gke.io/v1/EgressNATPolicy",
                          "networking.gke.io/v1/GCPBackendPolicy",
                          "networking.gke.io/v1/GCPGatewayPolicy",
                          "networking.gke.io/v1/GCPRoutingExtension",
                          "networking.gke.io/v1/GCPTrafficDistributionPolicy",
                          "networking.gke.io/v1/GCPTrafficExtension",
                          "networking.gke.io/v1/GKEIPRoute",
                          "networking.gke.io/v1/GKENetworkParamSet",
                          "networking.gke.io/v1/HealthCheckPolicy",
                          "networking.gke.io/v1/LBPolicy",
                          "networking.gke.io/v1/ManagedCertificate",
                          "networking.gke.io/v1/Network",
                          "networking.gke.io/v1/NodeTopology",
                          "networking.gke.io/v1/ServiceAttachment",
                          "networking.gke.io/v1alpha1",
                          "networking.gke.io/v1alpha1/NetworkLogging",
                          "networking.gke.io/v1alpha1/RedirectService",
                          "networking.gke.io/v1beta1",
                          "networking.gke.io/v1beta1/FrontendConfig",
                          "networking.gke.io/v1beta1/ManagedCertificate",
                          "networking.gke.io/v1beta1/ServiceAttachment",
                          "networking.gke.io/v1beta1/ServiceNetworkEndpointGroup",
                          "networking.gke.io/v1beta2",
                          "networking.gke.io/v1beta2/ManagedCertificate",
                          "networking.k8s.io/v1",
                          "networking.k8s.io/v1/Ingress",
                          "networking.k8s.io/v1/IngressClass",
                          "networking.k8s.io/v1/NetworkPolicy",
                          "node.gke.io/v1",
                          "node.gke.io/v1/GCPResourceAllowlist",
                          "node.k8s.io/v1",
                          "node.k8s.io/v1/RuntimeClass",
                          "nodemanagement.gke.io/v1alpha1",
                          "nodemanagement.gke.io/v1alpha1/UpdateInfo",
                          "notification.toolkit.fluxcd.io/v1",
                          "notification.toolkit.fluxcd.io/v1/Receiver",
                          "notification.toolkit.fluxcd.io/v1beta1",
                          "notification.toolkit.fluxcd.io/v1beta1/Alert",
                          "notification.toolkit.fluxcd.io/v1beta1/Provider",
                          "notification.toolkit.fluxcd.io/v1beta1/Receiver",
                          "notification.toolkit.fluxcd.io/v1beta2",
                          "notification.toolkit.fluxcd.io/v1beta2/Alert",
                          "notification.toolkit.fluxcd.io/v1beta2/Provider",
                          "notification.toolkit.fluxcd.io/v1beta2/Receiver",
                          "notification.toolkit.fluxcd.io/v1beta3",
                          "notification.toolkit.fluxcd.io/v1beta3/Alert",
                          "notification.toolkit.fluxcd.io/v1beta3/Provider",
                          "policy/v1",
                          "policy/v1/PodDisruptionBudget",
                          "rbac.authorization.k8s.io/v1",
                          "rbac.authorization.k8s.io/v1/ClusterRole",
                          "rbac.authorization.k8s.io/v1/ClusterRoleBinding",
                          "rbac.authorization.k8s.io/v1/Role",
                          "rbac.authorization.k8s.io/v1/RoleBinding",
                          "scheduling.k8s.io/v1",
                          "scheduling.k8s.io/v1/PriorityClass",
                          "security.cloud.google.com/v1",
                          "security.cloud.google.com/v1/GKEClusterTrustBundle",
                          "security.cloud.google.com/v1/TrustConfig",
                          "security.cloud.google.com/v1/WorkloadCertificateConfig",
                          "security.cloud.google.com/v1alpha1",
                          "security.cloud.google.com/v1alpha1/TrustConfig",
                          "security.cloud.google.com/v1alpha1/WorkloadCertificateConfig",
                          "snapshot.storage.k8s.io/v1",
                          "snapshot.storage.k8s.io/v1/VolumeSnapshot",
                          "snapshot.storage.k8s.io/v1/VolumeSnapshotClass",
                          "snapshot.storage.k8s.io/v1/VolumeSnapshotContent",
                          "snapshot.storage.k8s.io/v1beta1",
                          "snapshot.storage.k8s.io/v1beta1/VolumeSnapshot",
                          "snapshot.storage.k8s.io/v1beta1/VolumeSnapshotClass",
                          "snapshot.storage.k8s.io/v1beta1/VolumeSnapshotContent",
                          "source.toolkit.fluxcd.io/v1",
                          "source.toolkit.fluxcd.io/v1/GitRepository",
                          "source.toolkit.fluxcd.io/v1/HelmChart",
                          "source.toolkit.fluxcd.io/v1/HelmRepository",
                          "source.toolkit.fluxcd.io/v1beta1",
                          "source.toolkit.fluxcd.io/v1beta1/Bucket",
                          "source.toolkit.fluxcd.io/v1beta1/GitRepository",
                          "source.toolkit.fluxcd.io/v1beta1/HelmChart",
                          "source.toolkit.fluxcd.io/v1beta1/HelmRepository",
                          "source.toolkit.fluxcd.io/v1beta2",
                          "source.toolkit.fluxcd.io/v1beta2/Bucket",
                          "source.toolkit.fluxcd.io/v1beta2/GitRepository",
                          "source.toolkit.fluxcd.io/v1beta2/HelmChart",
                          "source.toolkit.fluxcd.io/v1beta2/HelmRepository",
                          "source.toolkit.fluxcd.io/v1beta2/OCIRepository",
                          "storage.k8s.io/v1",
                          "storage.k8s.io/v1/CSIDriver",
                          "storage.k8s.io/v1/CSINode",
                          "storage.k8s.io/v1/CSIStorageCapacity",
                          "storage.k8s.io/v1/StorageClass",
                          "storage.k8s.io/v1/VolumeAttachment",
                          "v1",
                          "v1/ConfigMap",
                          "v1/Endpoints",
                          "v1/Event",
                          "v1/LimitRange",
                          "v1/Namespace",
                          "v1/Node",
                          "v1/PersistentVolume",
                          "v1/PersistentVolumeClaim",
                          "v1/Pod",
                          "v1/PodTemplate",
                          "v1/ReplicationController",
                          "v1/ResourceQuota",
                          "v1/Secret",
                          "v1/Service",
                          "v1/ServiceAccount",
                          "vulnerabilities.protect.gke.io/v1",
                          "vulnerabilities.protect.gke.io/v1/ExtractionResult",
                          "warden.gke.io/v1",
                          "warden.gke.io/v1/Audit"
                        ],
                        "applications_count": "1",
                        "cache_info": [
                          {
                            "apis_count": "146",
                            "last_cache_sync_time": "",
                            "resources_count": "11430"
                          }
                        ],
                        "connection_state": [
                          {
                            "attempted_at": [],
                            "message": "",
                            "status": "Successful"
                          }
                        ],
                        "server_version": "1.32"
                      }
                    ],
                    "labels": {},
                    "name": "cluster11_new",
                    "namespaces": [],
                    "project": "edb2e923",
                    "refresh_requested_at": [],
                    "server": "https://35.233.139.33",
                    "shard": ""
                  }
                ],
                "tags": [],
                "updated_fields": [],
                "upsert": false
              }
            ]
          },
          "sensitive_attributes": [
            [
              {
                "type": "get_attr",
                "value": "request"
              },
              {
                "type": "index",
                "value": {
                  "value": 0,
                  "type": "number"
                }
              },
              {
                "type": "get_attr",
                "value": "cluster"
              },
              {
                "type": "index",
                "value": {
                  "value": 0,
                  "type": "number"
                }
              },
              {
                "type": "get_attr",
                "value": "config"
              },
              {
                "type": "index",
                "value": {
                  "value": 0,
                  "type": "number"
                }
              },
              {
                "type": "get_attr",
                "value": "bearer_token"
              }
            ]
          ],
          "identity_schema_version": 0,
          "private": "bnVsbA=="
        }
      ]
    }
  ],
  "check_results": null
}
